{
  "name": "ts-dom-libs",
  "version": "1.0.0",
  "lockfileVersion": 3,
  "requires": true,
  "packages": {
    "": {
      "name": "ts-dom-libs",
      "version": "1.0.0",
      "license": "MIT",
      "devDependencies": {
        "@types/gapi": "^0.0.47",
        "@types/gapi.auth2": "^0.0.60",
        "@types/gapi.client.drive-v3": "^0.0.5",
        "@types/google.accounts": "^0.0.14",
        "@types/wicg-file-system-access": "^2023.10.5",
        "typescript": "^5.5.4"
      }
    },
    "node_modules/@maxim_mazurok/gapi.client.discovery-v1": {
      "version": "0.1.20200806",
      "resolved": "https://registry.npmjs.org/@maxim_mazurok/gapi.client.discovery-v1/-/gapi.client.discovery-v1-0.1.20200806.tgz",
      "integrity": "sha512-Wl6UfmZVDdWbY3PUu8E2ULk9RPLjnMqp/iOA4tcK8Ne+U/GmlnWP/e34IaZNGArfl7iXJNOG+/3Rj9L9jQyF9Q==",
      "dev": true,
      "dependencies": {
        "@types/gapi.client": "*",
        "@types/gapi.client.discovery-v1": "*"
      }
    },
    "node_modules/@maxim_mazurok/gapi.client.drive-v3": {
      "version": "0.0.20240722",
      "resolved": "https://registry.npmjs.org/@maxim_mazurok/gapi.client.drive-v3/-/gapi.client.drive-v3-0.0.20240722.tgz",
      "integrity": "sha512-+ouBTfh8wBOApinLr+Zpcy4BxpDlZp3BPPdVGYli5sOFTYQauJ33g9N6+CZ3ovDVwpeBRQLUrfvwKpUEkkQQpw==",
      "dev": true,
      "dependencies": {
        "@types/gapi.client": "*",
        "@types/gapi.client.discovery-v1": "*"
      }
    },
    "node_modules/@types/gapi": {
      "version": "0.0.47",
      "resolved": "https://registry.npmjs.org/@types/gapi/-/gapi-0.0.47.tgz",
      "integrity": "sha512-/ZsLuq6BffMgbKMtZyDZ8vwQvTyKhKQ1G2K6VyWCgtHHhfSSXbk4+4JwImZiTjWNXfI2q1ZStAwFFHSkNoTkHA==",
      "dev": true
    },
    "node_modules/@types/gapi.auth2": {
      "version": "0.0.60",
      "resolved": "https://registry.npmjs.org/@types/gapi.auth2/-/gapi.auth2-0.0.60.tgz",
      "integrity": "sha512-KQiyTHRyAcat6marTRAixrkHhkS7mqclcbQvInfxyp7IeUDSUzLBlgH1s0SFaLl1m1jRY6b+qh4NMlmVm0wPEw==",
      "dev": true,
      "dependencies": {
        "@types/gapi": "*"
      }
    },
    "node_modules/@types/gapi.client": {
      "version": "1.0.8",
      "resolved": "https://registry.npmjs.org/@types/gapi.client/-/gapi.client-1.0.8.tgz",
      "integrity": "sha512-qJQUmmumbYym3Amax0S8CVzuSngcXsC1fJdwRS2zeW5lM63zXkw4wJFP+bG0jzgi0R6EsJKoHnGNVTDbOyG1ng==",
      "dev": true
    },
    "node_modules/@types/gapi.client.discovery-v1": {
      "version": "0.0.4",
      "resolved": "https://registry.npmjs.org/@types/gapi.client.discovery-v1/-/gapi.client.discovery-v1-0.0.4.tgz",
      "integrity": "sha512-uevhRumNE65F5mf2gABLaReOmbFSXONuzFZjNR3dYv6BmkHg+wciubHrfBAsp3554zNo3Dcg6dUAlwMqQfpwjQ==",
      "dev": true,
      "dependencies": {
        "@maxim_mazurok/gapi.client.discovery-v1": "latest"
      }
    },
    "node_modules/@types/gapi.client.drive-v3": {
      "version": "0.0.5",
      "resolved": "https://registry.npmjs.org/@types/gapi.client.drive-v3/-/gapi.client.drive-v3-0.0.5.tgz",
      "integrity": "sha512-yYBxiqMqJVBg4bns4Q28+f2XdJnd3tVA9dxQX1lXMVmzT2B+pZdyCi1u9HLwGveVlookSsAXuqfLfS9KO6MF6w==",
      "dev": true,
      "dependencies": {
        "@maxim_mazurok/gapi.client.drive-v3": "latest"
      }
    },
    "node_modules/@types/google.accounts": {
      "version": "0.0.14",
      "resolved": "https://registry.npmjs.org/@types/google.accounts/-/google.accounts-0.0.14.tgz",
      "integrity": "sha512-HqIVkVzpiLWhlajhQQd4rIV7czanFvXblJI2J1fSrL+VKQuQwwZ63m35D/mI0flsqKE6p/hNrAG0Yn4FD6JvNA==",
      "dev": true
    },
    "node_modules/@types/wicg-file-system-access": {
      "version": "2023.10.5",
      "resolved": "https://registry.npmjs.org/@types/wicg-file-system-access/-/wicg-file-system-access-2023.10.5.tgz",
      "integrity": "sha512-e9kZO9kCdLqT2h9Tw38oGv9UNzBBWaR1MzuAavxPcsV/7FJ3tWbU6RI3uB+yKIDPGLkGVbplS52ub0AcRLvrhA==",
      "dev": true
    },
    "node_modules/typescript": {
      "version": "5.5.4",
      "resolved": "https://registry.npmjs.org/typescript/-/typescript-5.5.4.tgz",
      "integrity": "sha512-Mtq29sKDAEYP7aljRgtPOpTvOfbwRWlS6dPRzwjdE+C0R4brX/GUyhHSecbHMFLNBLcJIPt9nl9yG5TZ1weH+Q==",
      "dev": true,
      "bin": {
        "tsc": "bin/tsc",
        "tsserver": "bin/tsserver"
      },
      "engines": {
        "node": ">=14.17"
      }
    }
  }
}
